// !$*UTF8*$!
{
	archiveVersion = 1;
	classes = {
	};
	objectVersion = 46;
	objects = {

/* Begin PBXBuildFile section */
		49B2C92018FC5B6100EBB0CC /* XYShoppingCartController.m in Sources */ = {isa = PBXBuildFile; fileRef = 49B2C91F18FC5B6100EBB0CC /* XYShoppingCartController.m */; };
		49CBDA5D1907024C00F8FEC9 /* NSArray+DeepCopy.m in Sources */ = {isa = PBXBuildFile; fileRef = 49CBDA5C1907024C00F8FEC9 /* NSArray+DeepCopy.m */; };
		6164CB3E185CB83500CEA3CE /* Foundation.framework in Frameworks */ = {isa = PBXBuildFile; fileRef = 6164CB3D185CB83500CEA3CE /* Foundation.framework */; };
		6164CB40185CB83500CEA3CE /* CoreGraphics.framework in Frameworks */ = {isa = PBXBuildFile; fileRef = 6164CB3F185CB83500CEA3CE /* CoreGraphics.framework */; };
		6164CB42185CB83500CEA3CE /* UIKit.framework in Frameworks */ = {isa = PBXBuildFile; fileRef = 6164CB41185CB83500CEA3CE /* UIKit.framework */; };
		6164CB48185CB83500CEA3CE /* InfoPlist.strings in Resources */ = {isa = PBXBuildFile; fileRef = 6164CB46185CB83500CEA3CE /* InfoPlist.strings */; };
		6164CB4A185CB83500CEA3CE /* main.m in Sources */ = {isa = PBXBuildFile; fileRef = 6164CB49185CB83500CEA3CE /* main.m */; };
		6164CB4E185CB83500CEA3CE /* XYAppDelegate.m in Sources */ = {isa = PBXBuildFile; fileRef = 6164CB4D185CB83500CEA3CE /* XYAppDelegate.m */; };
		6164CB51185CB83500CEA3CE /* Main.storyboard in Resources */ = {isa = PBXBuildFile; fileRef = 6164CB4F185CB83500CEA3CE /* Main.storyboard */; };
		6164CB54185CB83500CEA3CE /* XYFlowersListController.m in Sources */ = {isa = PBXBuildFile; fileRef = 6164CB53185CB83500CEA3CE /* XYFlowersListController.m */; };
		6164CB56185CB83500CEA3CE /* Images.xcassets in Resources */ = {isa = PBXBuildFile; fileRef = 6164CB55185CB83500CEA3CE /* Images.xcassets */; };
		6164CB5D185CB83500CEA3CE /* XCTest.framework in Frameworks */ = {isa = PBXBuildFile; fileRef = 6164CB5C185CB83500CEA3CE /* XCTest.framework */; };
		6164CB5E185CB83500CEA3CE /* Foundation.framework in Frameworks */ = {isa = PBXBuildFile; fileRef = 6164CB3D185CB83500CEA3CE /* Foundation.framework */; };
		6164CB5F185CB83500CEA3CE /* UIKit.framework in Frameworks */ = {isa = PBXBuildFile; fileRef = 6164CB41185CB83500CEA3CE /* UIKit.framework */; };
		6164CB67185CB83500CEA3CE /* InfoPlist.strings in Resources */ = {isa = PBXBuildFile; fileRef = 6164CB65185CB83500CEA3CE /* InfoPlist.strings */; };
		6164CB69185CB83500CEA3CE /* Flowers_ShopTests.m in Sources */ = {isa = PBXBuildFile; fileRef = 6164CB68185CB83500CEA3CE /* Flowers_ShopTests.m */; };
		617E8280185CBEB30058CC1F /* XYPropertiesLoader.m in Sources */ = {isa = PBXBuildFile; fileRef = 617E827F185CBEB30058CC1F /* XYPropertiesLoader.m */; };
		617E8284185CDE1A0058CC1F /* app-config.plist in Resources */ = {isa = PBXBuildFile; fileRef = 617E8283185CDE1A0058CC1F /* app-config.plist */; };
		61810E22185F4A3B0027069D /* CFNetwork.framework in Frameworks */ = {isa = PBXBuildFile; fileRef = 61810E21185F4A3B0027069D /* CFNetwork.framework */; };
		61810E3C1860B75E0027069D /* Base64Transcoder.m in Sources */ = {isa = PBXBuildFile; fileRef = 61810E331860B75E0027069D /* Base64Transcoder.m */; };
		61810E3D1860B75E0027069D /* HSK_CFUtilities.m in Sources */ = {isa = PBXBuildFile; fileRef = 61810E351860B75E0027069D /* HSK_CFUtilities.m */; };
		61810E3E1860B75E0027069D /* NSData+Base64Additions.m in Sources */ = {isa = PBXBuildFile; fileRef = 61810E371860B75E0027069D /* NSData+Base64Additions.m */; };
		61810E3F1860B75E0027069D /* NSStream+SKPSMTPExtensions.m in Sources */ = {isa = PBXBuildFile; fileRef = 61810E391860B75E0027069D /* NSStream+SKPSMTPExtensions.m */; settings = {COMPILER_FLAGS = "-fno-objc-arc"; }; };
		61810E401860B75E0027069D /* SKPSMTPMessage.m in Sources */ = {isa = PBXBuildFile; fileRef = 61810E3B1860B75E0027069D /* SKPSMTPMessage.m */; settings = {COMPILER_FLAGS = "-fno-objc-arc"; }; };
		61810E441861D4F00027069D /* XYProduct.m in Sources */ = {isa = PBXBuildFile; fileRef = 61810E431861D4F00027069D /* XYProduct.m */; };
		61810E471861D69E0027069D /* XYOrder.m in Sources */ = {isa = PBXBuildFile; fileRef = 61810E461861D69E0027069D /* XYOrder.m */; };
		61810E4A1861D7900027069D /* XYItem.m in Sources */ = {isa = PBXBuildFile; fileRef = 61810E491861D7900027069D /* XYItem.m */; };
		61810E4F1862264E0027069D /* XYAddProductsViewController.m in Sources */ = {isa = PBXBuildFile; fileRef = 61810E4E1862264E0027069D /* XYAddProductsViewController.m */; };
		61810E5E1862F9C20027069D /* FMDatabase.m in Sources */ = {isa = PBXBuildFile; fileRef = 61810E541862F9C20027069D /* FMDatabase.m */; };
		61810E5F1862F9C20027069D /* FMDatabaseAdditions.m in Sources */ = {isa = PBXBuildFile; fileRef = 61810E561862F9C20027069D /* FMDatabaseAdditions.m */; };
		61810E601862F9C20027069D /* FMDatabasePool.m in Sources */ = {isa = PBXBuildFile; fileRef = 61810E581862F9C20027069D /* FMDatabasePool.m */; };
		61810E611862F9C20027069D /* FMDatabaseQueue.m in Sources */ = {isa = PBXBuildFile; fileRef = 61810E5A1862F9C20027069D /* FMDatabaseQueue.m */; };
		61810E631862F9C20027069D /* FMResultSet.m in Sources */ = {isa = PBXBuildFile; fileRef = 61810E5D1862F9C20027069D /* FMResultSet.m */; };
		61810E66186327F80027069D /* libsqlite3.dylib in Frameworks */ = {isa = PBXBuildFile; fileRef = 61810E64186327330027069D /* libsqlite3.dylib */; };
		61810E6918632B010027069D /* XYFlosersShopModel.m in Sources */ = {isa = PBXBuildFile; fileRef = 61810E6818632B010027069D /* XYFlosersShopModel.m */; };
/* End PBXBuildFile section */

/* Begin PBXContainerItemProxy section */
		6164CB60185CB83500CEA3CE /* PBXContainerItemProxy */ = {
			isa = PBXContainerItemProxy;
			containerPortal = 6164CB32185CB83500CEA3CE /* Project object */;
			proxyType = 1;
			remoteGlobalIDString = 6164CB39185CB83500CEA3CE;
			remoteInfo = "Flowers Shop";
		};
/* End PBXContainerItemProxy section */

/* Begin PBXFileReference section */
		49B2C91E18FC5B6100EBB0CC /* XYShoppingCartController.h */ = {isa = PBXFileReference; fileEncoding = 4; lastKnownFileType = sourcecode.c.h; path = XYShoppingCartController.h; sourceTree = "<group>"; };
		49B2C91F18FC5B6100EBB0CC /* XYShoppingCartController.m */ = {isa = PBXFileReference; fileEncoding = 4; lastKnownFileType = sourcecode.c.objc; path = XYShoppingCartController.m; sourceTree = "<group>"; };
		49CBDA5B1907024C00F8FEC9 /* NSArray+DeepCopy.h */ = {isa = PBXFileReference; fileEncoding = 4; lastKnownFileType = sourcecode.c.h; path = "NSArray+DeepCopy.h"; sourceTree = "<group>"; };
		49CBDA5C1907024C00F8FEC9 /* NSArray+DeepCopy.m */ = {isa = PBXFileReference; fileEncoding = 4; lastKnownFileType = sourcecode.c.objc; path = "NSArray+DeepCopy.m"; sourceTree = "<group>"; };
		6164CB3A185CB83500CEA3CE /* Flowers Shop.app */ = {isa = PBXFileReference; explicitFileType = wrapper.application; includeInIndex = 0; path = "Flowers Shop.app"; sourceTree = BUILT_PRODUCTS_DIR; };
		6164CB3D185CB83500CEA3CE /* Foundation.framework */ = {isa = PBXFileReference; lastKnownFileType = wrapper.framework; name = Foundation.framework; path = System/Library/Frameworks/Foundation.framework; sourceTree = SDKROOT; };
		6164CB3F185CB83500CEA3CE /* CoreGraphics.framework */ = {isa = PBXFileReference; lastKnownFileType = wrapper.framework; name = CoreGraphics.framework; path = System/Library/Frameworks/CoreGraphics.framework; sourceTree = SDKROOT; };
		6164CB41185CB83500CEA3CE /* UIKit.framework */ = {isa = PBXFileReference; lastKnownFileType = wrapper.framework; name = UIKit.framework; path = System/Library/Frameworks/UIKit.framework; sourceTree = SDKROOT; };
		6164CB45185CB83500CEA3CE /* Flowers Shop-Info.plist */ = {isa = PBXFileReference; lastKnownFileType = text.plist.xml; path = "Flowers Shop-Info.plist"; sourceTree = "<group>"; };
		6164CB47185CB83500CEA3CE /* en */ = {isa = PBXFileReference; lastKnownFileType = text.plist.strings; name = en; path = en.lproj/InfoPlist.strings; sourceTree = "<group>"; };
		6164CB49185CB83500CEA3CE /* main.m */ = {isa = PBXFileReference; lastKnownFileType = sourcecode.c.objc; path = main.m; sourceTree = "<group>"; };
		6164CB4B185CB83500CEA3CE /* Flowers Shop-Prefix.pch */ = {isa = PBXFileReference; lastKnownFileType = sourcecode.c.h; path = "Flowers Shop-Prefix.pch"; sourceTree = "<group>"; };
		6164CB4C185CB83500CEA3CE /* XYAppDelegate.h */ = {isa = PBXFileReference; lastKnownFileType = sourcecode.c.h; path = XYAppDelegate.h; sourceTree = "<group>"; };
		6164CB4D185CB83500CEA3CE /* XYAppDelegate.m */ = {isa = PBXFileReference; lastKnownFileType = sourcecode.c.objc; path = XYAppDelegate.m; sourceTree = "<group>"; };
		6164CB50185CB83500CEA3CE /* Base */ = {isa = PBXFileReference; lastKnownFileType = file.storyboard; name = Base; path = Base.lproj/Main.storyboard; sourceTree = "<group>"; };
		6164CB52185CB83500CEA3CE /* XYFlowersListController.h */ = {isa = PBXFileReference; lastKnownFileType = sourcecode.c.h; path = XYFlowersListController.h; sourceTree = "<group>"; };
		6164CB53185CB83500CEA3CE /* XYFlowersListController.m */ = {isa = PBXFileReference; lastKnownFileType = sourcecode.c.objc; path = XYFlowersListController.m; sourceTree = "<group>"; };
		6164CB55185CB83500CEA3CE /* Images.xcassets */ = {isa = PBXFileReference; lastKnownFileType = folder.assetcatalog; path = Images.xcassets; sourceTree = "<group>"; };
		6164CB5B185CB83500CEA3CE /* Flowers ShopTests.xctest */ = {isa = PBXFileReference; explicitFileType = wrapper.cfbundle; includeInIndex = 0; path = "Flowers ShopTests.xctest"; sourceTree = BUILT_PRODUCTS_DIR; };
		6164CB5C185CB83500CEA3CE /* XCTest.framework */ = {isa = PBXFileReference; lastKnownFileType = wrapper.framework; name = XCTest.framework; path = Library/Frameworks/XCTest.framework; sourceTree = DEVELOPER_DIR; };
		6164CB64185CB83500CEA3CE /* Flowers ShopTests-Info.plist */ = {isa = PBXFileReference; lastKnownFileType = text.plist.xml; path = "Flowers ShopTests-Info.plist"; sourceTree = "<group>"; };
		6164CB66185CB83500CEA3CE /* en */ = {isa = PBXFileReference; lastKnownFileType = text.plist.strings; name = en; path = en.lproj/InfoPlist.strings; sourceTree = "<group>"; };
		6164CB68185CB83500CEA3CE /* Flowers_ShopTests.m */ = {isa = PBXFileReference; lastKnownFileType = sourcecode.c.objc; path = Flowers_ShopTests.m; sourceTree = "<group>"; };
		617E827E185CBEB30058CC1F /* XYPropertiesLoader.h */ = {isa = PBXFileReference; fileEncoding = 4; lastKnownFileType = sourcecode.c.h; path = XYPropertiesLoader.h; sourceTree = "<group>"; };
		617E827F185CBEB30058CC1F /* XYPropertiesLoader.m */ = {isa = PBXFileReference; fileEncoding = 4; lastKnownFileType = sourcecode.c.objc; path = XYPropertiesLoader.m; sourceTree = "<group>"; };
		617E8282185CC1F80058CC1F /* XYConstants.h */ = {isa = PBXFileReference; lastKnownFileType = sourcecode.c.h; path = XYConstants.h; sourceTree = "<group>"; };
		617E8283185CDE1A0058CC1F /* app-config.plist */ = {isa = PBXFileReference; fileEncoding = 4; lastKnownFileType = text.plist.xml; path = "app-config.plist"; sourceTree = "<group>"; };
		61810E21185F4A3B0027069D /* CFNetwork.framework */ = {isa = PBXFileReference; lastKnownFileType = wrapper.framework; name = CFNetwork.framework; path = System/Library/Frameworks/CFNetwork.framework; sourceTree = SDKROOT; };
		61810E321860B75E0027069D /* Base64Transcoder.h */ = {isa = PBXFileReference; fileEncoding = 4; lastKnownFileType = sourcecode.c.h; path = Base64Transcoder.h; sourceTree = "<group>"; };
		61810E331860B75E0027069D /* Base64Transcoder.m */ = {isa = PBXFileReference; fileEncoding = 4; lastKnownFileType = sourcecode.c.objc; path = Base64Transcoder.m; sourceTree = "<group>"; };
		61810E341860B75E0027069D /* HSK_CFUtilities.h */ = {isa = PBXFileReference; fileEncoding = 4; lastKnownFileType = sourcecode.c.h; path = HSK_CFUtilities.h; sourceTree = "<group>"; };
		61810E351860B75E0027069D /* HSK_CFUtilities.m */ = {isa = PBXFileReference; fileEncoding = 4; lastKnownFileType = sourcecode.c.objc; path = HSK_CFUtilities.m; sourceTree = "<group>"; };
		61810E361860B75E0027069D /* NSData+Base64Additions.h */ = {isa = PBXFileReference; fileEncoding = 4; lastKnownFileType = sourcecode.c.h; path = "NSData+Base64Additions.h"; sourceTree = "<group>"; };
		61810E371860B75E0027069D /* NSData+Base64Additions.m */ = {isa = PBXFileReference; fileEncoding = 4; lastKnownFileType = sourcecode.c.objc; path = "NSData+Base64Additions.m"; sourceTree = "<group>"; };
		61810E381860B75E0027069D /* NSStream+SKPSMTPExtensions.h */ = {isa = PBXFileReference; fileEncoding = 4; lastKnownFileType = sourcecode.c.h; path = "NSStream+SKPSMTPExtensions.h"; sourceTree = "<group>"; };
		61810E391860B75E0027069D /* NSStream+SKPSMTPExtensions.m */ = {isa = PBXFileReference; fileEncoding = 4; lastKnownFileType = sourcecode.c.objc; path = "NSStream+SKPSMTPExtensions.m"; sourceTree = "<group>"; };
		61810E3A1860B75E0027069D /* SKPSMTPMessage.h */ = {isa = PBXFileReference; fileEncoding = 4; lastKnownFileType = sourcecode.c.h; path = SKPSMTPMessage.h; sourceTree = "<group>"; };
		61810E3B1860B75E0027069D /* SKPSMTPMessage.m */ = {isa = PBXFileReference; fileEncoding = 4; lastKnownFileType = sourcecode.c.objc; path = SKPSMTPMessage.m; sourceTree = "<group>"; };
		61810E421861D4F00027069D /* XYProduct.h */ = {isa = PBXFileReference; fileEncoding = 4; lastKnownFileType = sourcecode.c.h; path = XYProduct.h; sourceTree = "<group>"; };
		61810E431861D4F00027069D /* XYProduct.m */ = {isa = PBXFileReference; fileEncoding = 4; lastKnownFileType = sourcecode.c.objc; path = XYProduct.m; sourceTree = "<group>"; };
		61810E451861D69E0027069D /* XYOrder.h */ = {isa = PBXFileReference; fileEncoding = 4; lastKnownFileType = sourcecode.c.h; path = XYOrder.h; sourceTree = "<group>"; };
		61810E461861D69E0027069D /* XYOrder.m */ = {isa = PBXFileReference; fileEncoding = 4; lastKnownFileType = sourcecode.c.objc; path = XYOrder.m; sourceTree = "<group>"; };
		61810E481861D7900027069D /* XYItem.h */ = {isa = PBXFileReference; fileEncoding = 4; lastKnownFileType = sourcecode.c.h; path = XYItem.h; sourceTree = "<group>"; };
		61810E491861D7900027069D /* XYItem.m */ = {isa = PBXFileReference; fileEncoding = 4; lastKnownFileType = sourcecode.c.objc; path = XYItem.m; sourceTree = "<group>"; };
		61810E4B1861EC3A0027069D /* QuartzCore.framework */ = {isa = PBXFileReference; lastKnownFileType = wrapper.framework; name = QuartzCore.framework; path = System/Library/Frameworks/QuartzCore.framework; sourceTree = SDKROOT; };
		61810E4D1862264E0027069D /* XYAddProductsViewController.h */ = {isa = PBXFileReference; fileEncoding = 4; lastKnownFileType = sourcecode.c.h; path = XYAddProductsViewController.h; sourceTree = "<group>"; };
		61810E4E1862264E0027069D /* XYAddProductsViewController.m */ = {isa = PBXFileReference; fileEncoding = 4; lastKnownFileType = sourcecode.c.objc; path = XYAddProductsViewController.m; sourceTree = "<group>"; };
		61810E531862F9C20027069D /* FMDatabase.h */ = {isa = PBXFileReference; fileEncoding = 4; lastKnownFileType = sourcecode.c.h; path = FMDatabase.h; sourceTree = "<group>"; };
		61810E541862F9C20027069D /* FMDatabase.m */ = {isa = PBXFileReference; fileEncoding = 4; lastKnownFileType = sourcecode.c.objc; path = FMDatabase.m; sourceTree = "<group>"; };
		61810E551862F9C20027069D /* FMDatabaseAdditions.h */ = {isa = PBXFileReference; fileEncoding = 4; lastKnownFileType = sourcecode.c.h; path = FMDatabaseAdditions.h; sourceTree = "<group>"; };
		61810E561862F9C20027069D /* FMDatabaseAdditions.m */ = {isa = PBXFileReference; fileEncoding = 4; lastKnownFileType = sourcecode.c.objc; path = FMDatabaseAdditions.m; sourceTree = "<group>"; };
		61810E571862F9C20027069D /* FMDatabasePool.h */ = {isa = PBXFileReference; fileEncoding = 4; lastKnownFileType = sourcecode.c.h; path = FMDatabasePool.h; sourceTree = "<group>"; };
		61810E581862F9C20027069D /* FMDatabasePool.m */ = {isa = PBXFileReference; fileEncoding = 4; lastKnownFileType = sourcecode.c.objc; path = FMDatabasePool.m; sourceTree = "<group>"; };
		61810E591862F9C20027069D /* FMDatabaseQueue.h */ = {isa = PBXFileReference; fileEncoding = 4; lastKnownFileType = sourcecode.c.h; path = FMDatabaseQueue.h; sourceTree = "<group>"; };
		61810E5A1862F9C20027069D /* FMDatabaseQueue.m */ = {isa = PBXFileReference; fileEncoding = 4; lastKnownFileType = sourcecode.c.objc; path = FMDatabaseQueue.m; sourceTree = "<group>"; };
		61810E5C1862F9C20027069D /* FMResultSet.h */ = {isa = PBXFileReference; fileEncoding = 4; lastKnownFileType = sourcecode.c.h; path = FMResultSet.h; sourceTree = "<group>"; };
		61810E5D1862F9C20027069D /* FMResultSet.m */ = {isa = PBXFileReference; fileEncoding = 4; lastKnownFileType = sourcecode.c.objc; path = FMResultSet.m; sourceTree = "<group>"; };
		61810E64186327330027069D /* libsqlite3.dylib */ = {isa = PBXFileReference; lastKnownFileType = "compiled.mach-o.dylib"; name = libsqlite3.dylib; path = usr/lib/libsqlite3.dylib; sourceTree = SDKROOT; };
		61810E6718632B010027069D /* XYFlosersShopModel.h */ = {isa = PBXFileReference; fileEncoding = 4; lastKnownFileType = sourcecode.c.h; path = XYFlosersShopModel.h; sourceTree = "<group>"; };
		61810E6818632B010027069D /* XYFlosersShopModel.m */ = {isa = PBXFileReference; fileEncoding = 4; lastKnownFileType = sourcecode.c.objc; path = XYFlosersShopModel.m; sourceTree = "<group>"; };
/* End PBXFileReference section */

/* Begin PBXFrameworksBuildPhase section */
		6164CB37185CB83500CEA3CE /* Frameworks */ = {
			isa = PBXFrameworksBuildPhase;
			buildActionMask = 2147483647;
			files = (
				61810E66186327F80027069D /* libsqlite3.dylib in Frameworks */,
				61810E22185F4A3B0027069D /* CFNetwork.framework in Frameworks */,
				6164CB40185CB83500CEA3CE /* CoreGraphics.framework in Frameworks */,
				6164CB42185CB83500CEA3CE /* UIKit.framework in Frameworks */,
				6164CB3E185CB83500CEA3CE /* Foundation.framework in Frameworks */,
			);
			runOnlyForDeploymentPostprocessing = 0;
		};
		6164CB58185CB83500CEA3CE /* Frameworks */ = {
			isa = PBXFrameworksBuildPhase;
			buildActionMask = 2147483647;
			files = (
				6164CB5D185CB83500CEA3CE /* XCTest.framework in Frameworks */,
				6164CB5F185CB83500CEA3CE /* UIKit.framework in Frameworks */,
				6164CB5E185CB83500CEA3CE /* Foundation.framework in Frameworks */,
			);
			runOnlyForDeploymentPostprocessing = 0;
		};
/* End PBXFrameworksBuildPhase section */

/* Begin PBXGroup section */
		6164CB31185CB83500CEA3CE = {
			isa = PBXGroup;
			children = (
				6164CB43185CB83500CEA3CE /* Flowers Shop */,
				6164CB62185CB83500CEA3CE /* Flowers ShopTests */,
				6164CB3C185CB83500CEA3CE /* Frameworks */,
				6164CB3B185CB83500CEA3CE /* Products */,
			);
			sourceTree = "<group>";
		};
		6164CB3B185CB83500CEA3CE /* Products */ = {
			isa = PBXGroup;
			children = (
				6164CB3A185CB83500CEA3CE /* Flowers Shop.app */,
				6164CB5B185CB83500CEA3CE /* Flowers ShopTests.xctest */,
			);
			name = Products;
			sourceTree = "<group>";
		};
		6164CB3C185CB83500CEA3CE /* Frameworks */ = {
			isa = PBXGroup;
			children = (
				61810E64186327330027069D /* libsqlite3.dylib */,
				61810E4B1861EC3A0027069D /* QuartzCore.framework */,
				61810E21185F4A3B0027069D /* CFNetwork.framework */,
				6164CB3D185CB83500CEA3CE /* Foundation.framework */,
				6164CB3F185CB83500CEA3CE /* CoreGraphics.framework */,
				6164CB41185CB83500CEA3CE /* UIKit.framework */,
				6164CB5C185CB83500CEA3CE /* XCTest.framework */,
			);
			name = Frameworks;
			sourceTree = "<group>";
		};
		6164CB43185CB83500CEA3CE /* Flowers Shop */ = {
			isa = PBXGroup;
			children = (
				61810E521862F9AE0027069D /* FMDB */,
				61810E411861D4AE0027069D /* Model */,
				617E8285185DF88A0058CC1F /* SKPSMTP */,
				6164CB4C185CB83500CEA3CE /* XYAppDelegate.h */,
				6164CB4D185CB83500CEA3CE /* XYAppDelegate.m */,
				6164CB4F185CB83500CEA3CE /* Main.storyboard */,
				6164CB52185CB83500CEA3CE /* XYFlowersListController.h */,
				6164CB53185CB83500CEA3CE /* XYFlowersListController.m */,
				617E8282185CC1F80058CC1F /* XYConstants.h */,
				617E827E185CBEB30058CC1F /* XYPropertiesLoader.h */,
				617E827F185CBEB30058CC1F /* XYPropertiesLoader.m */,
				61810E4D1862264E0027069D /* XYAddProductsViewController.h */,
				61810E4E1862264E0027069D /* XYAddProductsViewController.m */,
				61810E6718632B010027069D /* XYFlosersShopModel.h */,
				61810E6818632B010027069D /* XYFlosersShopModel.m */,
				49B2C91E18FC5B6100EBB0CC /* XYShoppingCartController.h */,
				49B2C91F18FC5B6100EBB0CC /* XYShoppingCartController.m */,
				6164CB55185CB83500CEA3CE /* Images.xcassets */,
				6164CB44185CB83500CEA3CE /* Supporting Files */,
				49CBDA5B1907024C00F8FEC9 /* NSArray+DeepCopy.h */,
				49CBDA5C1907024C00F8FEC9 /* NSArray+DeepCopy.m */,
			);
			path = "Flowers Shop";
			sourceTree = "<group>";
		};
		6164CB44185CB83500CEA3CE /* Supporting Files */ = {
			isa = PBXGroup;
			children = (
				6164CB45185CB83500CEA3CE /* Flowers Shop-Info.plist */,
				6164CB46185CB83500CEA3CE /* InfoPlist.strings */,
				6164CB49185CB83500CEA3CE /* main.m */,
				6164CB4B185CB83500CEA3CE /* Flowers Shop-Prefix.pch */,
				617E8283185CDE1A0058CC1F /* app-config.plist */,
			);
			name = "Supporting Files";
			sourceTree = "<group>";
		};
		6164CB62185CB83500CEA3CE /* Flowers ShopTests */ = {
			isa = PBXGroup;
			children = (
				6164CB68185CB83500CEA3CE /* Flowers_ShopTests.m */,
				6164CB63185CB83500CEA3CE /* Supporting Files */,
			);
			path = "Flowers ShopTests";
			sourceTree = "<group>";
		};
		6164CB63185CB83500CEA3CE /* Supporting Files */ = {
			isa = PBXGroup;
			children = (
				6164CB64185CB83500CEA3CE /* Flowers ShopTests-Info.plist */,
				6164CB65185CB83500CEA3CE /* InfoPlist.strings */,
			);
			name = "Supporting Files";
			sourceTree = "<group>";
		};
		617E8285185DF88A0058CC1F /* SKPSMTP */ = {
			isa = PBXGroup;
			children = (
				61810E321860B75E0027069D /* Base64Transcoder.h */,
				61810E331860B75E0027069D /* Base64Transcoder.m */,
				61810E341860B75E0027069D /* HSK_CFUtilities.h */,
				61810E351860B75E0027069D /* HSK_CFUtilities.m */,
				61810E361860B75E0027069D /* NSData+Base64Additions.h */,
				61810E371860B75E0027069D /* NSData+Base64Additions.m */,
				61810E381860B75E0027069D /* NSStream+SKPSMTPExtensions.h */,
				61810E391860B75E0027069D /* NSStream+SKPSMTPExtensions.m */,
				61810E3A1860B75E0027069D /* SKPSMTPMessage.h */,
				61810E3B1860B75E0027069D /* SKPSMTPMessage.m */,
			);
			name = SKPSMTP;
			sourceTree = "<group>";
		};
		61810E411861D4AE0027069D /* Model */ = {
			isa = PBXGroup;
			children = (
				61810E421861D4F00027069D /* XYProduct.h */,
				61810E431861D4F00027069D /* XYProduct.m */,
				61810E451861D69E0027069D /* XYOrder.h */,
				61810E461861D69E0027069D /* XYOrder.m */,
				61810E481861D7900027069D /* XYItem.h */,
				61810E491861D7900027069D /* XYItem.m */,
			);
			name = Model;
			sourceTree = "<group>";
		};
		61810E521862F9AE0027069D /* FMDB */ = {
			isa = PBXGroup;
			children = (
				61810E531862F9C20027069D /* FMDatabase.h */,
				61810E541862F9C20027069D /* FMDatabase.m */,
				61810E551862F9C20027069D /* FMDatabaseAdditions.h */,
				61810E561862F9C20027069D /* FMDatabaseAdditions.m */,
				61810E571862F9C20027069D /* FMDatabasePool.h */,
				61810E581862F9C20027069D /* FMDatabasePool.m */,
				61810E591862F9C20027069D /* FMDatabaseQueue.h */,
				61810E5A1862F9C20027069D /* FMDatabaseQueue.m */,
				61810E5C1862F9C20027069D /* FMResultSet.h */,
				61810E5D1862F9C20027069D /* FMResultSet.m */,
			);
			name = FMDB;
			sourceTree = "<group>";
		};
/* End PBXGroup section */

/* Begin PBXNativeTarget section */
		6164CB39185CB83500CEA3CE /* Flowers Shop */ = {
			isa = PBXNativeTarget;
			buildConfigurationList = 6164CB6C185CB83500CEA3CE /* Build configuration list for PBXNativeTarget "Flowers Shop" */;
			buildPhases = (
				6164CB36185CB83500CEA3CE /* Sources */,
				6164CB37185CB83500CEA3CE /* Frameworks */,
				6164CB38185CB83500CEA3CE /* Resources */,
			);
			buildRules = (
			);
			dependencies = (
			);
			name = "Flowers Shop";
			productName = "Flowers Shop";
			productReference = 6164CB3A185CB83500CEA3CE /* Flowers Shop.app */;
			productType = "com.apple.product-type.application";
		};
		6164CB5A185CB83500CEA3CE /* Flowers ShopTests */ = {
			isa = PBXNativeTarget;
			buildConfigurationList = 6164CB6F185CB83500CEA3CE /* Build configuration list for PBXNativeTarget "Flowers ShopTests" */;
			buildPhases = (
				6164CB57185CB83500CEA3CE /* Sources */,
				6164CB58185CB83500CEA3CE /* Frameworks */,
				6164CB59185CB83500CEA3CE /* Resources */,
			);
			buildRules = (
			);
			dependencies = (
				6164CB61185CB83500CEA3CE /* PBXTargetDependency */,
			);
			name = "Flowers ShopTests";
			productName = "Flowers ShopTests";
			productReference = 6164CB5B185CB83500CEA3CE /* Flowers ShopTests.xctest */;
			productType = "com.apple.product-type.bundle.unit-test";
		};
/* End PBXNativeTarget section */

/* Begin PBXProject section */
		6164CB32185CB83500CEA3CE /* Project object */ = {
			isa = PBXProject;
			attributes = {
				CLASSPREFIX = XY;
				LastUpgradeCheck = 0500;
				ORGANIZATIONNAME = "Xia Yong";
				TargetAttributes = {
					6164CB5A185CB83500CEA3CE = {
						TestTargetID = 6164CB39185CB83500CEA3CE;
					};
				};
			};
			buildConfigurationList = 6164CB35185CB83500CEA3CE /* Build configuration list for PBXProject "Flowers Shop" */;
			compatibilityVersion = "Xcode 3.2";
			developmentRegion = English;
			hasScannedForEncodings = 0;
			knownRegions = (
				en,
				Base,
			);
			mainGroup = 6164CB31185CB83500CEA3CE;
			productRefGroup = 6164CB3B185CB83500CEA3CE /* Products */;
			projectDirPath = "";
			projectRoot = "";
			targets = (
				6164CB39185CB83500CEA3CE /* Flowers Shop */,
				6164CB5A185CB83500CEA3CE /* Flowers ShopTests */,
			);
		};
/* End PBXProject section */

/* Begin PBXResourcesBuildPhase section */
		6164CB38185CB83500CEA3CE /* Resources */ = {
			isa = PBXResourcesBuildPhase;
			buildActionMask = 2147483647;
			files = (
				6164CB56185CB83500CEA3CE /* Images.xcassets in Resources */,
				6164CB48185CB83500CEA3CE /* InfoPlist.strings in Resources */,
				617E8284185CDE1A0058CC1F /* app-config.plist in Resources */,
				6164CB51185CB83500CEA3CE /* Main.storyboard in Resources */,
			);
			runOnlyForDeploymentPostprocessing = 0;
		};
		6164CB59185CB83500CEA3CE /* Resources */ = {
			isa = PBXResourcesBuildPhase;
			buildActionMask = 2147483647;
			files = (
				6164CB67185CB83500CEA3CE /* InfoPlist.strings in Resources */,
			);
			runOnlyForDeploymentPostprocessing = 0;
		};
/* End PBXResourcesBuildPhase section */

/* Begin PBXSourcesBuildPhase section */
		6164CB36185CB83500CEA3CE /* Sources */ = {
			isa = PBXSourcesBuildPhase;
			buildActionMask = 2147483647;
			files = (
				61810E441861D4F00027069D /* XYProduct.m in Sources */,
				61810E6918632B010027069D /* XYFlosersShopModel.m in Sources */,
				61810E3D1860B75E0027069D /* HSK_CFUtilities.m in Sources */,
				61810E3F1860B75E0027069D /* NSStream+SKPSMTPExtensions.m in Sources */,
				61810E5E1862F9C20027069D /* FMDatabase.m in Sources */,
				49CBDA5D1907024C00F8FEC9 /* NSArray+DeepCopy.m in Sources */,
				61810E4A1861D7900027069D /* XYItem.m in Sources */,
				61810E631862F9C20027069D /* FMResultSet.m in Sources */,
				61810E401860B75E0027069D /* SKPSMTPMessage.m in Sources */,
				49B2C92018FC5B6100EBB0CC /* XYShoppingCartController.m in Sources */,
				61810E471861D69E0027069D /* XYOrder.m in Sources */,
				617E8280185CBEB30058CC1F /* XYPropertiesLoader.m in Sources */,
				61810E4F1862264E0027069D /* XYAddProductsViewController.m in Sources */,
				6164CB4A185CB83500CEA3CE /* main.m in Sources */,
				61810E3E1860B75E0027069D /* NSData+Base64Additions.m in Sources */,
				6164CB54185CB83500CEA3CE /* XYFlowersListController.m in Sources */,
				61810E3C1860B75E0027069D /* Base64Transcoder.m in Sources */,
				61810E601862F9C20027069D /* FMDatabasePool.m in Sources */,
				61810E611862F9C20027069D /* FMDatabaseQueue.m in Sources */,
				6164CB4E185CB83500CEA3CE /* XYAppDelegate.m in Sources */,
				61810E5F1862F9C20027069D /* FMDatabaseAdditions.m in Sources */,
			);
			runOnlyForDeploymentPostprocessing = 0;
		};
		6164CB57185CB83500CEA3CE /* Sources */ = {
			isa = PBXSourcesBuildPhase;
			buildActionMask = 2147483647;
			files = (
				6164CB69185CB83500CEA3CE /* Flowers_ShopTests.m in Sources */,
			);
			runOnlyForDeploymentPostprocessing = 0;
		};
/* End PBXSourcesBuildPhase section */

/* Begin PBXTargetDependency section */
		6164CB61185CB83500CEA3CE /* PBXTargetDependency */ = {
			isa = PBXTargetDependency;
			target = 6164CB39185CB83500CEA3CE /* Flowers Shop */;
			targetProxy = 6164CB60185CB83500CEA3CE /* PBXContainerItemProxy */;
		};
/* End PBXTargetDependency section */

/* Begin PBXVariantGroup section */
		6164CB46185CB83500CEA3CE /* InfoPlist.strings */ = {
			isa = PBXVariantGroup;
			children = (
				6164CB47185CB83500CEA3CE /* en */,
			);
			name = InfoPlist.strings;
			sourceTree = "<group>";
		};
		6164CB4F185CB83500CEA3CE /* Main.storyboard */ = {
			isa = PBXVariantGroup;
			children = (
				6164CB50185CB83500CEA3CE /* Base */,
			);
			name = Main.storyboard;
			sourceTree = "<group>";
		};
		6164CB65185CB83500CEA3CE /* InfoPlist.strings */ = {
			isa = PBXVariantGroup;
			children = (
				6164CB66185CB83500CEA3CE /* en */,
			);
			name = InfoPlist.strings;
			sourceTree = "<group>";
		};
/* End PBXVariantGroup section */

/* Begin XCBuildConfiguration section */
		6164CB6A185CB83500CEA3CE /* Debug */ = {
			isa = XCBuildConfiguration;
			buildSettings = {
				ALWAYS_SEARCH_USER_PATHS = NO;
				ARCHS = "$(ARCHS_STANDARD_INCLUDING_64_BIT)";
				CLANG_CXX_LANGUAGE_STANDARD = "gnu++0x";
				CLANG_CXX_LIBRARY = "libc++";
				CLANG_ENABLE_MODULES = YES;
				CLANG_ENABLE_OBJC_ARC = YES;
				CLANG_WARN_BOOL_CONVERSION = YES;
				CLANG_WARN_CONSTANT_CONVERSION = YES;
				CLANG_WARN_DIRECT_OBJC_ISA_USAGE = YES_ERROR;
				CLANG_WARN_EMPTY_BODY = YES;
				CLANG_WARN_ENUM_CONVERSION = YES;
				CLANG_WARN_INT_CONVERSION = YES;
				CLANG_WARN_OBJC_ROOT_CLASS = YES_ERROR;
				CLANG_WARN__DUPLICATE_METHOD_MATCH = YES;
				"CODE_SIGN_IDENTITY[sdk=iphoneos*]" = "iPhone Developer";
				COPY_PHASE_STRIP = NO;
				GCC_C_LANGUAGE_STANDARD = gnu99;
				GCC_DYNAMIC_NO_PIC = NO;
				GCC_OPTIMIZATION_LEVEL = 0;
				GCC_PREPROCESSOR_DEFINITIONS = (
					"DEBUG=1",
					"$(inherited)",
				);
				GCC_SYMBOLS_PRIVATE_EXTERN = NO;
				GCC_WARN_64_TO_32_BIT_CONVERSION = YES;
				GCC_WARN_ABOUT_RETURN_TYPE = YES_ERROR;
				GCC_WARN_UNDECLARED_SELECTOR = YES;
				GCC_WARN_UNINITIALIZED_AUTOS = YES;
				GCC_WARN_UNUSED_FUNCTION = YES;
				GCC_WARN_UNUSED_VARIABLE = YES;
				IPHONEOS_DEPLOYMENT_TARGET = 7.0;
				ONLY_ACTIVE_ARCH = YES;
				SDKROOT = iphoneos;
			};
			name = Debug;
		};
		6164CB6B185CB83500CEA3CE /* Release */ = {
			isa = XCBuildConfiguration;
			buildSettings = {
				ALWAYS_SEARCH_USER_PATHS = NO;
				ARCHS = "$(ARCHS_STANDARD_INCLUDING_64_BIT)";
				CLANG_CXX_LANGUAGE_STANDARD = "gnu++0x";
				CLANG_CXX_LIBRARY = "libc++";
				CLANG_ENABLE_MODULES = YES;
				CLANG_ENABLE_OBJC_ARC = YES;
				CLANG_WARN_BOOL_CONVERSION = YES;
				CLANG_WARN_CONSTANT_CONVERSION = YES;
				CLANG_WARN_DIRECT_OBJC_ISA_USAGE = YES_ERROR;
				CLANG_WARN_EMPTY_BODY = YES;
				CLANG_WARN_ENUM_CONVERSION = YES;
				CLANG_WARN_INT_CONVERSION = YES;
				CLANG_WARN_OBJC_ROOT_CLASS = YES_ERROR;
				CLANG_WARN__DUPLICATE_METHOD_MATCH = YES;
				"CODE_SIGN_IDENTITY[sdk=iphoneos*]" = "iPhone Developer";
				COPY_PHASE_STRIP = YES;
				ENABLE_NS_ASSERTIONS = NO;
				GCC_C_LANGUAGE_STANDARD = gnu99;
				GCC_WARN_64_TO_32_BIT_CONVERSION = YES;
				GCC_WARN_ABOUT_RETURN_TYPE = YES_ERROR;
				GCC_WARN_UNDECLARED_SELECTOR = YES;
				GCC_WARN_UNINITIALIZED_AUTOS = YES;
				GCC_WARN_UNUSED_FUNCTION = YES;
				GCC_WARN_UNUSED_VARIABLE = YES;
				IPHONEOS_DEPLOYMENT_TARGET = 7.0;
				SDKROOT = iphoneos;
				VALIDATE_PRODUCT = YES;
			};
			name = Release;
		};
		6164CB6D185CB83500CEA3CE /* Debug */ = {
			isa = XCBuildConfiguration;
			buildSettings = {
				ASSETCATALOG_COMPILER_APPICON_NAME = AppIcon;
				ASSETCATALOG_COMPILER_LAUNCHIMAGE_NAME = LaunchImage;
				GCC_PRECOMPILE_PREFIX_HEADER = YES;
				GCC_PREFIX_HEADER = "Flowers Shop/Flowers Shop-Prefix.pch";
				INFOPLIST_FILE = "Flowers Shop/Flowers Shop-Info.plist";
				PRODUCT_NAME = "$(TARGET_NAME)";
				WRAPPER_EXTENSION = app;
			};
			name = Debug;
		};
		6164CB6E185CB83500CEA3CE /* Release */ = {
			isa = XCBuildConfiguration;
			buildSettings = {
				ASSETCATALOG_COMPILER_APPICON_NAME = AppIcon;
				ASSETCATALOG_COMPILER_LAUNCHIMAGE_NAME = LaunchImage;
				GCC_PRECOMPILE_PREFIX_HEADER = YES;
				GCC_PREFIX_HEADER = "Flowers Shop/Flowers Shop-Prefix.pch";
				INFOPLIST_FILE = "Flowers Shop/Flowers Shop-Info.plist";
				PRODUCT_NAME = "$(TARGET_NAME)";
				WRAPPER_EXTENSION = app;
			};
			name = Release;
		};
		6164CB70185CB83500CEA3CE /* Debug */ = {
			isa = XCBuildConfiguration;
			buildSettings = {
				ARCHS = "$(ARCHS_STANDARD_INCLUDING_64_BIT)";
				BUNDLE_LOADER = "$(BUILT_PRODUCTS_DIR)/Flowers Shop.app/Flowers Shop";
				FRAMEWORK_SEARCH_PATHS = (
					"$(SDKROOT)/Developer/Library/Frameworks",
					"$(inherited)",
					"$(DEVELOPER_FRAMEWORKS_DIR)",
				);
				GCC_PRECOMPILE_PREFIX_HEADER = YES;
				GCC_PREFIX_HEADER = "Flowers Shop/Flowers Shop-Prefix.pch";
				GCC_PREPROCESSOR_DEFINITIONS = (
					"DEBUG=1",
					"$(inherited)",
				);
				INFOPLIST_FILE = "Flowers ShopTests/Flowers ShopTests-Info.plist";
				PRODUCT_NAME = "$(TARGET_NAME)";
				TEST_HOST = "$(BUNDLE_LOADER)";
				WRAPPER_EXTENSION = xctest;
			};
			name = Debug;
		};
		6164CB71185CB83500CEA3CE /* Release */ = {
			isa = XCBuildConfiguration;
			buildSettings = {
				ARCHS = "$(ARCHS_STANDARD_INCLUDING_64_BIT)";
				BUNDLE_LOADER = "$(BUILT_PRODUCTS_DIR)/Flowers Shop.app/Flowers Shop";
				FRAMEWORK_SEARCH_PATHS = (
					"$(SDKROOT)/Developer/Library/Frameworks",
					"$(inherited)",
					"$(DEVELOPER_FRAMEWORKS_DIR)",
				);
				GCC_PRECOMPILE_PREFIX_HEADER = YES;
				GCC_PREFIX_HEADER = "Flowers Shop/Flowers Shop-Prefix.pch";
				INFOPLIST_FILE = "Flowers ShopTests/Flowers ShopTests-Info.plist";
				PRODUCT_NAME = "$(TARGET_NAME)";
				TEST_HOST = "$(BUNDLE_LOADER)";
				WRAPPER_EXTENSION = xctest;
			};
			name = Release;
		};
/* End XCBuildConfiguration section */

/* Begin XCConfigurationList section */
		6164CB35185CB83500CEA3CE /* Build configuration list for PBXProject "Flowers Shop" */ = {
			isa = XCConfigurationList;
			buildConfigurations = (
				6164CB6A185CB83500CEA3CE /* Debug */,
				6164CB6B185CB83500CEA3CE /* Release */,
			);
			defaultConfigurationIsVisible = 0;
			defaultConfigurationName = Release;
		};
		6164CB6C185CB83500CEA3CE /* Build configuration list for PBXNativeTarget "Flowers Shop" */ = {
			isa = XCConfigurationList;
			buildConfigurations = (
				6164CB6D185CB83500CEA3CE /* Debug */,
				6164CB6E185CB83500CEA3CE /* Release */,
			);
			defaultConfigurationIsVisible = 0;
			defaultConfigurationName = Release;
		};
		6164CB6F185CB83500CEA3CE /* Build configuration list for PBXNativeTarget "Flowers ShopTests" */ = {
			isa = XCConfigurationList;
			buildConfigurations = (
				6164CB70185CB83500CEA3CE /* Debug */,
				6164CB71185CB83500CEA3CE /* Release */,
			);
			defaultConfigurationIsVisible = 0;
			defaultConfigurationName = Release;
		};
/* End XCConfigurationList section */
	};
	rootObject = 6164CB32185CB83500CEA3CE /* Project object */;
}
